// !$*UTF8*$!
{
	archiveVersion = 1;
	classes = {
	};
	objectVersion = 46;
	objects = {

/* Begin PBXBuildFile section */
		D9430001186EBA1200879E5D /* main.m in Sources */ = {isa = PBXBuildFile; fileRef = D9430000186EBA1200879E5D /* main.m */; };
		D9430005186EBA1200879E5D /* AppDelegate.m in Sources */ = {isa = PBXBuildFile; fileRef = D9430004186EBA1200879E5D /* AppDelegate.m */; };
		D9430007186EBA1200879E5D /* Images.xcassets in Resources */ = {isa = PBXBuildFile; fileRef = D9430006186EBA1200879E5D /* Images.xcassets */; };
		D943000E186EBA1200879E5D /* XCTest.framework in Frameworks */ = {isa = PBXBuildFile; fileRef = D943000D186EBA1200879E5D /* XCTest.framework */; };
		D943000F186EBA1200879E5D /* Foundation.framework in Frameworks */ = {isa = PBXBuildFile; fileRef = D943FFF4186EBA1200879E5D /* Foundation.framework */; };
		D9430010186EBA1200879E5D /* UIKit.framework in Frameworks */ = {isa = PBXBuildFile; fileRef = D943FFF8186EBA1200879E5D /* UIKit.framework */; };
		D9430018186EBA1200879E5D /* InfoPlist.strings in Resources */ = {isa = PBXBuildFile; fileRef = D9430016186EBA1200879E5D /* InfoPlist.strings */; };
		D943001A186EBA1200879E5D /* nuexperimentTests.m in Sources */ = {isa = PBXBuildFile; fileRef = D9430019186EBA1200879E5D /* nuexperimentTests.m */; };
		D943FFF5186EBA1200879E5D /* Foundation.framework in Frameworks */ = {isa = PBXBuildFile; fileRef = D943FFF4186EBA1200879E5D /* Foundation.framework */; };
		D943FFF7186EBA1200879E5D /* CoreGraphics.framework in Frameworks */ = {isa = PBXBuildFile; fileRef = D943FFF6186EBA1200879E5D /* CoreGraphics.framework */; };
		D943FFF9186EBA1200879E5D /* UIKit.framework in Frameworks */ = {isa = PBXBuildFile; fileRef = D943FFF8186EBA1200879E5D /* UIKit.framework */; };
		D943FFFF186EBA1200879E5D /* InfoPlist.strings in Resources */ = {isa = PBXBuildFile; fileRef = D943FFFD186EBA1200879E5D /* InfoPlist.strings */; };
/* End PBXBuildFile section */

/* Begin PBXContainerItemProxy section */
		D9430011186EBA1200879E5D /* PBXContainerItemProxy */ = {
			isa = PBXContainerItemProxy;
			containerPortal = D943FFE9186EBA1200879E5D /* Project object */;
			proxyType = 1;
			remoteGlobalIDString = D943FFF0186EBA1200879E5D;
			remoteInfo = nuexperiment;
		};
/* End PBXContainerItemProxy section */

/* Begin PBXFileReference section */
		D9430000186EBA1200879E5D /* main.m */ = {isa = PBXFileReference; lastKnownFileType = sourcecode.c.objc; path = main.m; sourceTree = "<group>"; };
		D9430002186EBA1200879E5D /* nuexperiment-Prefix.pch */ = {isa = PBXFileReference; lastKnownFileType = sourcecode.c.h; path = "nuexperiment-Prefix.pch"; sourceTree = "<group>"; };
		D9430003186EBA1200879E5D /* AppDelegate.h */ = {isa = PBXFileReference; lastKnownFileType = sourcecode.c.h; path = AppDelegate.h; sourceTree = "<group>"; };
		D9430004186EBA1200879E5D /* AppDelegate.m */ = {isa = PBXFileReference; lastKnownFileType = sourcecode.c.objc; path = AppDelegate.m; sourceTree = "<group>"; };
		D9430006186EBA1200879E5D /* Images.xcassets */ = {isa = PBXFileReference; lastKnownFileType = folder.assetcatalog; path = Images.xcassets; sourceTree = "<group>"; };
		D943000C186EBA1200879E5D /* nuexperimentTests.xctest */ = {isa = PBXFileReference; explicitFileType = wrapper.cfbundle; includeInIndex = 0; path = nuexperimentTests.xctest; sourceTree = BUILT_PRODUCTS_DIR; };
		D943000D186EBA1200879E5D /* XCTest.framework */ = {isa = PBXFileReference; lastKnownFileType = wrapper.framework; name = XCTest.framework; path = Library/Frameworks/XCTest.framework; sourceTree = DEVELOPER_DIR; };
		D9430015186EBA1200879E5D /* nuexperimentTests-Info.plist */ = {isa = PBXFileReference; lastKnownFileType = text.plist.xml; path = "nuexperimentTests-Info.plist"; sourceTree = "<group>"; };
		D9430017186EBA1200879E5D /* en */ = {isa = PBXFileReference; lastKnownFileType = text.plist.strings; name = en; path = en.lproj/InfoPlist.strings; sourceTree = "<group>"; };
		D9430019186EBA1200879E5D /* nuexperimentTests.m */ = {isa = PBXFileReference; lastKnownFileType = sourcecode.c.objc; path = nuexperimentTests.m; sourceTree = "<group>"; };
		D943FFF1186EBA1200879E5D /* nuexperiment.app */ = {isa = PBXFileReference; explicitFileType = wrapper.application; includeInIndex = 0; path = nuexperiment.app; sourceTree = BUILT_PRODUCTS_DIR; };
		D943FFF4186EBA1200879E5D /* Foundation.framework */ = {isa = PBXFileReference; lastKnownFileType = wrapper.framework; name = Foundation.framework; path = System/Library/Frameworks/Foundation.framework; sourceTree = SDKROOT; };
		D943FFF6186EBA1200879E5D /* CoreGraphics.framework */ = {isa = PBXFileReference; lastKnownFileType = wrapper.framework; name = CoreGraphics.framework; path = System/Library/Frameworks/CoreGraphics.framework; sourceTree = SDKROOT; };
		D943FFF8186EBA1200879E5D /* UIKit.framework */ = {isa = PBXFileReference; lastKnownFileType = wrapper.framework; name = UIKit.framework; path = System/Library/Frameworks/UIKit.framework; sourceTree = SDKROOT; };
		D943FFFC186EBA1200879E5D /* nuexperiment-Info.plist */ = {isa = PBXFileReference; lastKnownFileType = text.plist.xml; path = "nuexperiment-Info.plist"; sourceTree = "<group>"; };
		D943FFFE186EBA1200879E5D /* en */ = {isa = PBXFileReference; lastKnownFileType = text.plist.strings; name = en; path = en.lproj/InfoPlist.strings; sourceTree = "<group>"; };
/* End PBXFileReference section */

/* Begin PBXFrameworksBuildPhase section */
		D9430009186EBA1200879E5D /* Frameworks */ = {
			isa = PBXFrameworksBuildPhase;
			buildActionMask = 2147483647;
			files = (
				D943000E186EBA1200879E5D /* XCTest.framework in Frameworks */,
				D9430010186EBA1200879E5D /* UIKit.framework in Frameworks */,
				D943000F186EBA1200879E5D /* Foundation.framework in Frameworks */,
			);
			runOnlyForDeploymentPostprocessing = 0;
		};
		D943FFEE186EBA1200879E5D /* Frameworks */ = {
			isa = PBXFrameworksBuildPhase;
			buildActionMask = 2147483647;
			files = (
				D943FFF7186EBA1200879E5D /* CoreGraphics.framework in Frameworks */,
				D943FFF9186EBA1200879E5D /* UIKit.framework in Frameworks */,
				D943FFF5186EBA1200879E5D /* Foundation.framework in Frameworks */,
			);
			runOnlyForDeploymentPostprocessing = 0;
		};
/* End PBXFrameworksBuildPhase section */

/* Begin PBXGroup section */
		D9430013186EBA1200879E5D /* nuexperimentTests */ = {
			isa = PBXGroup;
			children = (
				D9430019186EBA1200879E5D /* nuexperimentTests.m */,
				D9430014186EBA1200879E5D /* Supporting Files */,
			);
			path = nuexperimentTests;
			sourceTree = "<group>";
		};
		D9430014186EBA1200879E5D /* Supporting Files */ = {
			isa = PBXGroup;
			children = (
				D9430015186EBA1200879E5D /* nuexperimentTests-Info.plist */,
				D9430016186EBA1200879E5D /* InfoPlist.strings */,
			);
			name = "Supporting Files";
			sourceTree = "<group>";
		};
		D943FFE8186EBA1200879E5D = {
			isa = PBXGroup;
			children = (
				D943FFFA186EBA1200879E5D /* nuexperiment */,
				D9430013186EBA1200879E5D /* nuexperimentTests */,
				D943FFF3186EBA1200879E5D /* Frameworks */,
				D943FFF2186EBA1200879E5D /* Products */,
			);
			sourceTree = "<group>";
		};
		D943FFF2186EBA1200879E5D /* Products */ = {
			isa = PBXGroup;
			children = (
				D943FFF1186EBA1200879E5D /* nuexperiment.app */,
				D943000C186EBA1200879E5D /* nuexperimentTests.xctest */,
			);
			name = Products;
			sourceTree = "<group>";
		};
		D943FFF3186EBA1200879E5D /* Frameworks */ = {
			isa = PBXGroup;
			children = (
				D943FFF4186EBA1200879E5D /* Foundation.framework */,
				D943FFF6186EBA1200879E5D /* CoreGraphics.framework */,
				D943FFF8186EBA1200879E5D /* UIKit.framework */,
				D943000D186EBA1200879E5D /* XCTest.framework */,
			);
			name = Frameworks;
			sourceTree = "<group>";
		};
		D943FFFA186EBA1200879E5D /* nuexperiment */ = {
			isa = PBXGroup;
			children = (
				D9430003186EBA1200879E5D /* AppDelegate.h */,
				D9430004186EBA1200879E5D /* AppDelegate.m */,
				D9430006186EBA1200879E5D /* Images.xcassets */,
				D943FFFB186EBA1200879E5D /* Supporting Files */,
			);
			path = nuexperiment;
			sourceTree = "<group>";
		};
		D943FFFB186EBA1200879E5D /* Supporting Files */ = {
			isa = PBXGroup;
			children = (
				D943FFFC186EBA1200879E5D /* nuexperiment-Info.plist */,
				D943FFFD186EBA1200879E5D /* InfoPlist.strings */,
				D9430000186EBA1200879E5D /* main.m */,
				D9430002186EBA1200879E5D /* nuexperiment-Prefix.pch */,
			);
			name = "Supporting Files";
			sourceTree = "<group>";
		};
/* End PBXGroup section */

/* Begin PBXNativeTarget section */
		D943000B186EBA1200879E5D /* nuexperimentTests */ = {
			isa = PBXNativeTarget;
			buildConfigurationList = D9430020186EBA1200879E5D /* Build configuration list for PBXNativeTarget "nuexperimentTests" */;
			buildPhases = (
				D9430008186EBA1200879E5D /* Sources */,
				D9430009186EBA1200879E5D /* Frameworks */,
				D943000A186EBA1200879E5D /* Resources */,
			);
			buildRules = (
			);
			dependencies = (
				D9430012186EBA1200879E5D /* PBXTargetDependency */,
			);
			name = nuexperimentTests;
			productName = nuexperimentTests;
			productReference = D943000C186EBA1200879E5D /* nuexperimentTests.xctest */;
			productType = "com.apple.product-type.bundle.unit-test";
		};
		D943FFF0186EBA1200879E5D /* nuexperiment */ = {
			isa = PBXNativeTarget;
			buildConfigurationList = D943001D186EBA1200879E5D /* Build configuration list for PBXNativeTarget "nuexperiment" */;
			buildPhases = (
				D943FFED186EBA1200879E5D /* Sources */,
				D943FFEE186EBA1200879E5D /* Frameworks */,
				D943FFEF186EBA1200879E5D /* Resources */,
			);
			buildRules = (
			);
			dependencies = (
			);
			name = nuexperiment;
			productName = nuexperiment;
			productReference = D943FFF1186EBA1200879E5D /* nuexperiment.app */;
			productType = "com.apple.product-type.application";
		};
/* End PBXNativeTarget section */

/* Begin PBXProject section */
		D943FFE9186EBA1200879E5D /* Project object */ = {
			isa = PBXProject;
			attributes = {
				LastUpgradeCheck = 0500;
				ORGANIZATIONNAME = dawei;
				TargetAttributes = {
					D943000B186EBA1200879E5D = {
						TestTargetID = D943FFF0186EBA1200879E5D;
					};
				};
			};
			buildConfigurationList = D943FFEC186EBA1200879E5D /* Build configuration list for PBXProject "nuexperiment" */;
			compatibilityVersion = "Xcode 3.2";
			developmentRegion = English;
			hasScannedForEncodings = 0;
			knownRegions = (
				en,
			);
			mainGroup = D943FFE8186EBA1200879E5D;
			productRefGroup = D943FFF2186EBA1200879E5D /* Products */;
			projectDirPath = "";
			projectRoot = "";
			targets = (
				D943FFF0186EBA1200879E5D /* nuexperiment */,
				D943000B186EBA1200879E5D /* nuexperimentTests */,
			);
		};
/* End PBXProject section */

/* Begin PBXResourcesBuildPhase section */
		D943000A186EBA1200879E5D /* Resources */ = {
			isa = PBXResourcesBuildPhase;
			buildActionMask = 2147483647;
			files = (
				D9430018186EBA1200879E5D /* InfoPlist.strings in Resources */,
			);
			runOnlyForDeploymentPostprocessing = 0;
		};
		D943FFEF186EBA1200879E5D /* Resources */ = {
			isa = PBXResourcesBuildPhase;
			buildActionMask = 2147483647;
			files = (
				D943FFFF186EBA1200879E5D /* InfoPlist.strings in Resources */,
				D9430007186EBA1200879E5D /* Images.xcassets in Resources */,
			);
			runOnlyForDeploymentPostprocessing = 0;
		};
/* End PBXResourcesBuildPhase section */

/* Begin PBXSourcesBuildPhase section */
		D9430008186EBA1200879E5D /* Sources */ = {
			isa = PBXSourcesBuildPhase;
			buildActionMask = 2147483647;
			files = (
				D943001A186EBA1200879E5D /* nuexperimentTests.m in Sources */,
			);
			runOnlyForDeploymentPostprocessing = 0;
		};
		D943FFED186EBA1200879E5D /* Sources */ = {
			isa = PBXSourcesBuildPhase;
			buildActionMask = 2147483647;
			files = (
				D9430005186EBA1200879E5D /* AppDelegate.m in Sources */,
				D9430001186EBA1200879E5D /* main.m in Sources */,
			);
			runOnlyForDeploymentPostprocessing = 0;
		};
/* End PBXSourcesBuildPhase section */

/* Begin PBXTargetDependency section */
		D9430012186EBA1200879E5D /* PBXTargetDependency */ = {
			isa = PBXTargetDependency;
			target = D943FFF0186EBA1200879E5D /* nuexperiment */;
			targetProxy = D9430011186EBA1200879E5D /* PBXContainerItemProxy */;
		};
/* End PBXTargetDependency section */

/* Begin PBXVariantGroup section */
		D9430016186EBA1200879E5D /* InfoPlist.strings */ = {
			isa = PBXVariantGroup;
			children = (
				D9430017186EBA1200879E5D /* en */,
			);
			name = InfoPlist.strings;
			sourceTree = "<group>";
		};
		D943FFFD186EBA1200879E5D /* InfoPlist.strings */ = {
			isa = PBXVariantGroup;
			children = (
				D943FFFE186EBA1200879E5D /* en */,
			);
			name = InfoPlist.strings;
			sourceTree = "<group>";
		};
/* End PBXVariantGroup section */

/* Begin XCBuildConfiguration section */
		D943001B186EBA1200879E5D /* Debug */ = {
			isa = XCBuildConfiguration;
			buildSettings = {
				ALWAYS_SEARCH_USER_PATHS = NO;
				ARCHS = "$(ARCHS_STANDARD_INCLUDING_64_BIT)";
				CLANG_CXX_LANGUAGE_STANDARD = "gnu++0x";
				CLANG_CXX_LIBRARY = "libc++";
				CLANG_ENABLE_MODULES = YES;
				CLANG_ENABLE_OBJC_ARC = YES;
				CLANG_WARN_BOOL_CONVERSION = YES;
				CLANG_WARN_CONSTANT_CONVERSION = YES;
				CLANG_WARN_DIRECT_OBJC_ISA_USAGE = YES_ERROR;
				CLANG_WARN_EMPTY_BODY = YES;
				CLANG_WARN_ENUM_CONVERSION = YES;
				CLANG_WARN_INT_CONVERSION = YES;
				CLANG_WARN_OBJC_ROOT_CLASS = YES_ERROR;
				CLANG_WARN__DUPLICATE_METHOD_MATCH = YES;
				"CODE_SIGN_IDENTITY[sdk=iphoneos*]" = "iPhone Developer";
				COPY_PHASE_STRIP = NO;
				GCC_C_LANGUAGE_STANDARD = gnu99;
				GCC_DYNAMIC_NO_PIC = NO;
				GCC_OPTIMIZATION_LEVEL = 0;
				GCC_PREPROCESSOR_DEFINITIONS = (
					"DEBUG=1",
					"$(inherited)",
				);
				GCC_SYMBOLS_PRIVATE_EXTERN = NO;
				GCC_WARN_64_TO_32_BIT_CONVERSION = YES;
				GCC_WARN_ABOUT_RETURN_TYPE = YES_ERROR;
				GCC_WARN_UNDECLARED_SELECTOR = YES;
				GCC_WARN_UNINITIALIZED_AUTOS = YES;
				GCC_WARN_UNUSED_FUNCTION = YES;
				GCC_WARN_UNUSED_VARIABLE = YES;
				IPHONEOS_DEPLOYMENT_TARGET = 7.0;
				ONLY_ACTIVE_ARCH = YES;
				SDKROOT = iphoneos;
				TARGETED_DEVICE_FAMILY = "1,2";
			};
			name = Debug;
		};
		D943001C186EBA1200879E5D /* Release */ = {
			isa = XCBuildConfiguration;
			buildSettings = {
				ALWAYS_SEARCH_USER_PATHS = NO;
				ARCHS = "$(ARCHS_STANDARD_INCLUDING_64_BIT)";
				CLANG_CXX_LANGUAGE_STANDARD = "gnu++0x";
				CLANG_CXX_LIBRARY = "libc++";
				CLANG_ENABLE_MODULES = YES;
				CLANG_ENABLE_OBJC_ARC = YES;
				CLANG_WARN_BOOL_CONVERSION = YES;
				CLANG_WARN_CONSTANT_CONVERSION = YES;
				CLANG_WARN_DIRECT_OBJC_ISA_USAGE = YES_ERROR;
				CLANG_WARN_EMPTY_BODY = YES;
				CLANG_WARN_ENUM_CONVERSION = YES;
				CLANG_WARN_INT_CONVERSION = YES;
				CLANG_WARN_OBJC_ROOT_CLASS = YES_ERROR;
				CLANG_WARN__DUPLICATE_METHOD_MATCH = YES;
				"CODE_SIGN_IDENTITY[sdk=iphoneos*]" = "iPhone Developer";
				COPY_PHASE_STRIP = YES;
				ENABLE_NS_ASSERTIONS = NO;
				GCC_C_LANGUAGE_STANDARD = gnu99;
				GCC_WARN_64_TO_32_BIT_CONVERSION = YES;
				GCC_WARN_ABOUT_RETURN_TYPE = YES_ERROR;
				GCC_WARN_UNDECLARED_SELECTOR = YES;
				GCC_WARN_UNINITIALIZED_AUTOS = YES;
				GCC_WARN_UNUSED_FUNCTION = YES;
				GCC_WARN_UNUSED_VARIABLE = YES;
				IPHONEOS_DEPLOYMENT_TARGET = 7.0;
				SDKROOT = iphoneos;
				TARGETED_DEVICE_FAMILY = "1,2";
				VALIDATE_PRODUCT = YES;
			};
			name = Release;
		};
		D943001E186EBA1200879E5D /* Debug */ = {
			isa = XCBuildConfiguration;
			buildSettings = {
				ASSETCATALOG_COMPILER_APPICON_NAME = AppIcon;
				ASSETCATALOG_COMPILER_LAUNCHIMAGE_NAME = LaunchImage;
				GCC_PRECOMPILE_PREFIX_HEADER = YES;
				GCC_PREFIX_HEADER = "nuexperiment/nuexperiment-Prefix.pch";
				INFOPLIST_FILE = "nuexperiment/nuexperiment-Info.plist";
				PRODUCT_NAME = "$(TARGET_NAME)";
				WRAPPER_EXTENSION = app;
			};
			name = Debug;
		};
		D943001F186EBA1200879E5D /* Release */ = {
			isa = XCBuildConfiguration;
			buildSettings = {
				ASSETCATALOG_COMPILER_APPICON_NAME = AppIcon;
				ASSETCATALOG_COMPILER_LAUNCHIMAGE_NAME = LaunchImage;
				GCC_PRECOMPILE_PREFIX_HEADER = YES;
				GCC_PREFIX_HEADER = "nuexperiment/nuexperiment-Prefix.pch";
				INFOPLIST_FILE = "nuexperiment/nuexperiment-Info.plist";
				PRODUCT_NAME = "$(TARGET_NAME)";
				WRAPPER_EXTENSION = app;
			};
			name = Release;
		};
		D9430021186EBA1200879E5D /* Debug */ = {
			isa = XCBuildConfiguration;
			buildSettings = {
				ARCHS = "$(ARCHS_STANDARD_INCLUDING_64_BIT)";
				BUNDLE_LOADER = "$(BUILT_PRODUCTS_DIR)/nuexperiment.app/nuexperiment";
				FRAMEWORK_SEARCH_PATHS = (
					"$(SDKROOT)/Developer/Library/Frameworks",
					"$(inherited)",
					"$(DEVELOPER_FRAMEWORKS_DIR)",
				);
				GCC_PRECOMPILE_PREFIX_HEADER = YES;
				GCC_PREFIX_HEADER = "nuexperiment/nuexperiment-Prefix.pch";
				GCC_PREPROCESSOR_DEFINITIONS = (
					"DEBUG=1",
					"$(inherited)",
				);
				INFOPLIST_FILE = "nuexperimentTests/nuexperimentTests-Info.plist";
				PRODUCT_NAME = "$(TARGET_NAME)";
				TEST_HOST = "$(BUNDLE_LOADER)";
				WRAPPER_EXTENSION = xctest;
			};
			name = Debug;
		};
		D9430022186EBA1200879E5D /* Release */ = {
			isa = XCBuildConfiguration;
			buildSettings = {
				ARCHS = "$(ARCHS_STANDARD_INCLUDING_64_BIT)";
				BUNDLE_LOADER = "$(BUILT_PRODUCTS_DIR)/nuexperiment.app/nuexperiment";
				FRAMEWORK_SEARCH_PATHS = (
					"$(SDKROOT)/Developer/Library/Frameworks",
					"$(inherited)",
					"$(DEVELOPER_FRAMEWORKS_DIR)",
				);
				GCC_PRECOMPILE_PREFIX_HEADER = YES;
				GCC_PREFIX_HEADER = "nuexperiment/nuexperiment-Prefix.pch";
				INFOPLIST_FILE = "nuexperimentTests/nuexperimentTests-Info.plist";
				PRODUCT_NAME = "$(TARGET_NAME)";
				TEST_HOST = "$(BUNDLE_LOADER)";
				WRAPPER_EXTENSION = xctest;
			};
			name = Release;
		};
/* End XCBuildConfiguration section */

/* Begin XCConfigurationList section */
		D943001D186EBA1200879E5D /* Build configuration list for PBXNativeTarget "nuexperiment" */ = {
			isa = XCConfigurationList;
			buildConfigurations = (
				D943001E186EBA1200879E5D /* Debug */,
				D943001F186EBA1200879E5D /* Release */,
			);
			defaultConfigurationIsVisible = 0;
		};
		D9430020186EBA1200879E5D /* Build configuration list for PBXNativeTarget "nuexperimentTests" */ = {
			isa = XCConfigurationList;
			buildConfigurations = (
				D9430021186EBA1200879E5D /* Debug */,
				D9430022186EBA1200879E5D /* Release */,
			);
			defaultConfigurationIsVisible = 0;
		};
		D943FFEC186EBA1200879E5D /* Build configuration list for PBXProject "nuexperiment" */ = {
			isa = XCConfigurationList;
			buildConfigurations = (
				D943001B186EBA1200879E5D /* Debug */,
				D943001C186EBA1200879E5D /* Release */,
			);
			defaultConfigurationIsVisible = 0;
			defaultConfigurationName = Release;
		};
/* End XCConfigurationList section */
	};
	rootObject = D943FFE9186EBA1200879E5D /* Project object */;
}
